# This file is generated by running "yarn install" inside your project.
# Manual changes might be lost - proceed with caution!

__metadata:
  version: 4
  cacheKey: 7

"axios@npm:^0.20.0":
  version: 0.20.0
  resolution: "axios@npm:0.20.0"
  dependencies:
    follow-redirects: ^1.10.0
  checksum: 6cf2e963176a0d18fc457d7cb71cb6cf552193619b161fc61070d9a4db3a26a87ecfe760ba36e7af174c05a6a9898dc52cfeb5c0e62e19fddd9788739553ad73
  languageName: node
  linkType: hard

"ci-info@npm:^1.5.0":
  version: 1.6.0
  resolution: "ci-info@npm:1.6.0"
  checksum: c53d8ead84b00b44a26099b9afbe25d07d1cf02a0b2e354f97e4765ab965525d5d831d264b045737ac03076be3c34e87b64dee0d94cfd87cfc227299cb1c0137
  languageName: node
  linkType: hard

"ci-info@npm:^2.0.0":
  version: 2.0.0
  resolution: "ci-info@npm:2.0.0"
  checksum: 553fe83c085fce5e19e20f85b993f24a463e6f805803837a8868607bb68b1300567868694a5dff1beca6c54926a4c0be1cc9ef0c35f810653d590bf64183f6a0
  languageName: node
  linkType: hard

"follow-redirects@npm:^1.10.0":
  version: 1.13.2
  resolution: "follow-redirects@npm:1.13.2"
  peerDependenciesMeta:
    debug:
      optional: true
  checksum: 76a23a75e5eedb872fc223fcce5b267fd315b123e0fc38f8d7701283445418d9ead72c7ff8a468d95042526a34e5677bfe76b85f973aa0563890c695c975c451
  languageName: node
  linkType: hard

"is-ci@npm:^1.0.0":
  version: 1.2.1
  resolution: "is-ci@npm:1.2.1"
  dependencies:
    ci-info: ^1.5.0
  bin:
    is-ci: bin.js
  checksum: cdcdeba94278edf4e6a305aba93ecffd58cb35a08ebf879a7f715e5538be55ad23a841f48a796b71beae36e0c6e2290eca38cf8a8feed563fb62090879ead93b
  languageName: node
  linkType: hard

"is-ci@npm:^2.0.0":
  version: 2.0.0
  resolution: "is-ci@npm:2.0.0"
  dependencies:
    ci-info: ^2.0.0
  bin:
    is-ci: bin.js
  checksum: 09083018edafd63221ff0506356f13c0aaf4b75a6435ea648bc67d07ddab199b2d5b9297de43d0821df1a14c18cd9f1edd1775a0166abfe37390843e79137213
  languageName: node
  linkType: hard

"is-function@npm:^1.0.2":
  version: 1.0.2
  resolution: "is-function@npm:1.0.2"
  checksum: 894562b5e4dcf3544eb0b5c26ba94e08c99007728059782f5e863296e865af9b7d2bcad06057d20bb862943dcfc9bb1387fedb4cdc953af93bd0a70ad61a3ba1
  languageName: node
  linkType: hard

"is-promise@npm:^3.0.0":
  version: 3.0.0
  resolution: "is-promise@npm:3.0.0"
  checksum: 6561fc4d38c512f0da4a2b2fb42be9851ceb88c39f2b87fd25c6e16f01b4bf18fb9b5278047f1616af6c785b4ffdb86b96f1c190b61ed93c73037b46d6e56d82
  languageName: node
  linkType: hard

"is-promise@npm:^4.0.0":
  version: 4.0.0
  resolution: "is-promise@npm:4.0.0"
  checksum: 7085bdc4eaff389c5730a1d54f014880e90ca1e4b7f0a49de9f3c5f5d2fb9e0c3a878ac226d3aa9190bfe4a78400e66d911427ef4812455756293cdb02fb05cf
  languageName: node
  linkType: hard

"package1@workspace:packages/package1":
  version: 0.0.0-use.local
  resolution: "package1@workspace:packages/package1"
  dependencies:
    axios: ^0.20.0
    is-ci: ^2.0.0
    is-function: ^1.0.2
    is-promise: ^3.0.0
  languageName: unknown
  linkType: soft

"realms-shim@npm:^1.2.2":
  version: 1.2.2
  resolution: "realms-shim@npm:1.2.2"
  checksum: 78ea2b7ca7123aef6ba7d5431b49650611212c8f735b86e2e7a7b1cdf417aab97718fb3118d41422295a96184b40e6317f5ead11856a1664819e6c284069d772
  languageName: node
  linkType: hard

"test-package@workspace:.":
  version: 0.0.0-use.local
  resolution: "test-package@workspace:."
  dependencies:
    axios: ^0.20.0
    is-ci: ^1.0.0
    is-promise: ^4.0.0
    realms-shim: ^1.2.2
  languageName: unknown
  linkType: soft
