# This file is generated by running "yarn install" inside your project.
# Manual changes might be lost - proceed with caution!

__metadata:
  version: 5
  cacheKey: 8

"axios@npm:^0.24.0":
  version: 0.24.0
  resolution: "axios@npm:0.24.0"
  dependencies:
    follow-redirects: ^1.14.4
  checksum: 468cf496c08a6aadfb7e699bebdac02851e3043d4e7d282350804ea8900e30d368daa6e3cd4ab83b8ddb5a3b1e17a5a21ada13fc9cebd27b74828f47a4236316
  languageName: node
  linkType: hard

"ci-info@npm:^1.5.0":
  version: 1.6.0
  resolution: "ci-info@npm:1.6.0"
  checksum: dfc058f60c3889793befe77349c3cd1a5452d21bed5ff60cb34382bee7bbdccc5c4c2ff2b77eab8c411c54d84f93963dacf593b9d901b43b93b7ad2a422aa163
  languageName: node
  linkType: hard

"ci-info@npm:^2.0.0":
  version: 2.0.0
  resolution: "ci-info@npm:2.0.0"
  checksum: 3b374666a85ea3ca43fa49aa3a048d21c9b475c96eb13c133505d2324e7ae5efd6a454f41efe46a152269e9b6a00c9edbe63ec7fa1921957165aae16625acd67
  languageName: node
  linkType: hard

"dicer@npm:^0.3.0":
  version: 0.3.0
  resolution: "dicer@npm:0.3.0"
  dependencies:
    streamsearch: 0.1.2
  checksum: 9f61aea61fcd81457f1b43967af7e66415b7a31d393336fa05a29b221b5ba065b99e5cac46476b2da36eb7af7665bf8dad6f9500409116dc6a35ada183841598
  languageName: node
  linkType: hard

"follow-redirects@npm:^1.14.4":
  version: 1.14.6
  resolution: "follow-redirects@npm:1.14.6"
  peerDependenciesMeta:
    debug:
      optional: true
  checksum: 7fcdb089a733d2aa39041880790e9f772df009fcd0b243fee7e10acf0e14a8dab5208cf79eb1de35b9cc6033d4dde7f95becadfaa360c50d460b4c730b375e80
  languageName: node
  linkType: hard

"is-ci@npm:^1.0.0":
  version: 1.2.1
  resolution: "is-ci@npm:1.2.1"
  dependencies:
    ci-info: ^1.5.0
  bin:
    is-ci: bin.js
  checksum: eca06c5626e54ec01be6f9114a8f19b3f571602cfe66458e42ccc42e401e2ebbe1bd3b2fcaa93b5896b9c759e964f3c7f4d9b2d0f4fc4ef5dba78a7c4825e0be
  languageName: node
  linkType: hard

"is-ci@npm:^2.0.0":
  version: 2.0.0
  resolution: "is-ci@npm:2.0.0"
  dependencies:
    ci-info: ^2.0.0
  bin:
    is-ci: bin.js
  checksum: 77b869057510f3efa439bbb36e9be429d53b3f51abd4776eeea79ab3b221337fe1753d1e50058a9e2c650d38246108beffb15ccfd443929d77748d8c0cc90144
  languageName: node
  linkType: hard

"is-function@npm:^1.0.2":
  version: 1.0.2
  resolution: "is-function@npm:1.0.2"
  checksum: 7d564562e07b4b51359547d3ccc10fb93bb392fd1b8177ae2601ee4982a0ece86d952323fc172a9000743a3971f09689495ab78a1d49a9b14fc97a7e28521dc0
  languageName: node
  linkType: hard

"is-promise@npm:^3.0.0":
  version: 3.0.0
  resolution: "is-promise@npm:3.0.0"
  checksum: 7892afc8c8a997bd5e039e8fca5c169efc01bd977071de4ae35e9b0eeb913be86fde7083e75b335fb423209a511b92bdc604465be498ebe906eb7dd2359da7f8
  languageName: node
  linkType: hard

"is-promise@npm:^4.0.0":
  version: 4.0.0
  resolution: "is-promise@npm:4.0.0"
  checksum: 0b46517ad47b00b6358fd6553c83ec1f6ba9acd7ffb3d30a0bf519c5c69e7147c132430452351b8a9fc198f8dd6c4f76f8e6f5a7f100f8c77d57d9e0f4261a8a
  languageName: node
  linkType: hard

"package1@workspace:packages/package1":
  version: 0.0.0-use.local
  resolution: "package1@workspace:packages/package1"
  dependencies:
    axios: ^0.24.0
    is-ci: ^2.0.0
    is-function: ^1.0.2
    is-promise: ^3.0.0
  languageName: unknown
  linkType: soft

"realms-shim@npm:^1.2.2":
  version: 1.2.2
  resolution: "realms-shim@npm:1.2.2"
  checksum: df714fe3d35e6bab3e12700fd8eb9d11d6b068d4545e3bfefb5176f4cdafc8f55dd3e7fd9bde6bec1f947c41aff79fa091d38cce4c7b8ca0d4fb385659ee7f7a
  languageName: node
  linkType: hard

"streamsearch@npm:0.1.2":
  version: 0.1.2
  resolution: "streamsearch@npm:0.1.2"
  checksum: d2db57cbfbf7947ab9c75a7b4c80a8ef8d24850cf0a1a24258bb6956c97317ce1eab7dbcbf9c5aba3e6198611af1053b02411057bbedb99bf9c64b8275248997
  languageName: node
  linkType: hard

"test-package@workspace:.":
  version: 0.0.0-use.local
  resolution: "test-package@workspace:."
  dependencies:
    axios: ^0.24.0
    dicer: ^0.3.0
    is-ci: ^1.0.0
    is-promise: ^4.0.0
    realms-shim: ^1.2.2
  languageName: unknown
  linkType: soft
