# This file is generated by running "yarn install" inside your project.
# Manual changes might be lost - proceed with caution!

__metadata:
  version: 4
  cacheKey: 7

"axios@npm:^0.20.0":
  version: 0.20.0
  resolution: "axios@npm:0.20.0"
  dependencies:
    follow-redirects: ^1.10.0
  checksum: 6cf2e963176a0d18fc457d7cb71cb6cf552193619b161fc61070d9a4db3a26a87ecfe760ba36e7af174c05a6a9898dc52cfeb5c0e62e19fddd9788739553ad73
  languageName: node
  linkType: hard

"follow-redirects@npm:^1.10.0":
  version: 1.13.0
  resolution: "follow-redirects@npm:1.13.0"
  checksum: f220828d3f153da30ea616fdbe9f6676e74e4e68c51d336a751037c1d556e2de34aa5918f58951fa19bb6517c9c88b4403a0a8bdfc40d3e779d37def2ac0f2c4
  languageName: node
  linkType: hard

"is-promise@npm:^3.0.0":
  version: 3.0.0
  resolution: "is-promise@npm:3.0.0"
  checksum: 6561fc4d38c512f0da4a2b2fb42be9851ceb88c39f2b87fd25c6e16f01b4bf18fb9b5278047f1616af6c785b4ffdb86b96f1c190b61ed93c73037b46d6e56d82
  languageName: node
  linkType: hard

"is-promise@npm:^4.0.0":
  version: 4.0.0
  resolution: "is-promise@npm:4.0.0"
  checksum: 7085bdc4eaff389c5730a1d54f014880e90ca1e4b7f0a49de9f3c5f5d2fb9e0c3a878ac226d3aa9190bfe4a78400e66d911427ef4812455756293cdb02fb05cf
  languageName: node
  linkType: hard

"package1@workspace:packages/package1":
  version: 0.0.0-use.local
  resolution: "package1@workspace:packages/package1"
  dependencies:
    axios: ^0.20.0
    is-promise: ^3.0.0
  languageName: unknown
  linkType: soft

"realms-shim@npm:^1.2.2":
  version: 1.2.2
  resolution: "realms-shim@npm:1.2.2"
  checksum: 78ea2b7ca7123aef6ba7d5431b49650611212c8f735b86e2e7a7b1cdf417aab97718fb3118d41422295a96184b40e6317f5ead11856a1664819e6c284069d772
  languageName: node
  linkType: hard

"test-package@workspace:.":
  version: 0.0.0-use.local
  resolution: "test-package@workspace:."
  dependencies:
    axios: ^0.20.0
    is-promise: ^4.0.0
    realms-shim: ^1.2.2
  languageName: unknown
  linkType: soft
