# This file is generated by running "yarn install" inside your project.
# Manual changes might be lost - proceed with caution!

__metadata:
  version: 8
  cacheKey: 10c0

"@esbuild/android-arm@npm:^0.17.10":
  version: 0.17.10
  resolution: "@esbuild/android-arm@npm:0.17.10"
  conditions: os=android & cpu=arm
  languageName: node
  linkType: hard

"asynckit@npm:^0.4.0":
  version: 0.4.0
  resolution: "asynckit@npm:0.4.0"
  checksum: d73e2ddf20c4eb9337e1b3df1a0f6159481050a5de457c55b14ea2e5cb6d90bb69e004c9af54737a5ee0917fcf2c9e25de67777bbe58261847846066ba75bc9d
  languageName: node
  linkType: hard

"axios@npm:^1.6.0":
  version: 1.6.1
  resolution: "axios@npm:1.6.1"
  dependencies:
    follow-redirects: "npm:^1.15.0"
    form-data: "npm:^4.0.0"
    proxy-from-env: "npm:^1.1.0"
  checksum: ca2c6f56659a7f19e4a99082f549fe151952f6fd8aa72ed148559ab2d6a32ce37cd5dc72ce6d4d3cd91f0c1e2617c7c95c20077e5e244a79f319a6c0ce41204f
  languageName: node
  linkType: hard

"caseless@npm:^0.12.0":
  version: 0.12.0
  resolution: "caseless@npm:0.12.0"
  checksum: ccf64bcb6c0232cdc5b7bd91ddd06e23a4b541f138336d4725233ac538041fb2f29c2e86c3c4a7a61ef990b665348db23a047060b9414c3a6603e9fa61ad4626
  languageName: node
  linkType: hard

"ci-info@npm:^1.5.0":
  version: 1.6.0
  resolution: "ci-info@npm:1.6.0"
  checksum: 5a74921e50e0be504ef811f00cb8dd6a547e1f4f2e709b7364b2de72a6fbc0215d86c88cd62c485a129090365d2a6367ca00344ced04e714860b22fbe10180c8
  languageName: node
  linkType: hard

"ci-info@npm:^2.0.0":
  version: 2.0.0
  resolution: "ci-info@npm:2.0.0"
  checksum: 8c5fa3830a2bcee2b53c2e5018226f0141db9ec9f7b1e27a5c57db5512332cde8a0beb769bcbaf0d8775a78afbf2bb841928feca4ea6219638a5b088f9884b46
  languageName: node
  linkType: hard

"combined-stream@npm:^1.0.8":
  version: 1.0.8
  resolution: "combined-stream@npm:1.0.8"
  dependencies:
    delayed-stream: "npm:~1.0.0"
  checksum: 0dbb829577e1b1e839fa82b40c07ffaf7de8a09b935cadd355a73652ae70a88b4320db322f6634a4ad93424292fa80973ac6480986247f1734a1137debf271d5
  languageName: node
  linkType: hard

"delayed-stream@npm:~1.0.0":
  version: 1.0.0
  resolution: "delayed-stream@npm:1.0.0"
  checksum: d758899da03392e6712f042bec80aa293bbe9e9ff1b2634baae6a360113e708b91326594c8a486d475c69d6259afb7efacdc3537bfcda1c6c648e390ce601b19
  languageName: node
  linkType: hard

"follow-redirects@npm:^1.15.0":
  version: 1.15.6
  resolution: "follow-redirects@npm:1.15.6"
  peerDependenciesMeta:
    debug:
      optional: true
  checksum: 9ff767f0d7be6aa6870c82ac79cf0368cd73e01bbc00e9eb1c2a16fbb198ec105e3c9b6628bb98e9f3ac66fe29a957b9645bcb9a490bb7aa0d35f908b6b85071
  languageName: node
  linkType: hard

"form-data@npm:^4.0.0":
  version: 4.0.0
  resolution: "form-data@npm:4.0.0"
  dependencies:
    asynckit: "npm:^0.4.0"
    combined-stream: "npm:^1.0.8"
    mime-types: "npm:^2.1.12"
  checksum: cb6f3ac49180be03ff07ba3ff125f9eba2ff0b277fb33c7fc47569fc5e616882c5b1c69b9904c4c4187e97dd0419dd03b134174756f296dec62041e6527e2c6e
  languageName: node
  linkType: hard

"function-bind@npm:^1.1.1":
  version: 1.1.1
  resolution: "function-bind@npm:1.1.1"
  checksum: 60b74b2407e1942e1ed7f8c284f8ef714d0689dcfce5319985a5b7da3fc727f40b4a59ec72dc55aa83365ad7b8fa4fac3a30d93c850a2b452f29ae03dbc10a1e
  languageName: node
  linkType: hard

"has@npm:^1.0.3":
  version: 1.0.3
  resolution: "has@npm:1.0.3"
  dependencies:
    function-bind: "npm:^1.1.1"
  checksum: e1da0d2bd109f116b632f27782cf23182b42f14972ca9540e4c5aa7e52647407a0a4a76937334fddcb56befe94a3494825ec22b19b51f5e5507c3153fd1a5e1b
  languageName: node
  linkType: hard

"is-ci@npm:^1.0.0":
  version: 1.2.1
  resolution: "is-ci@npm:1.2.1"
  dependencies:
    ci-info: "npm:^1.5.0"
  bin:
    is-ci: bin.js
  checksum: 56d8e0e404c5ee9eb4cc846b9fbed043bac587633a8b10caad35b1e4b11edccae742037c4bc2196203e5929643bd257a4caac23b65e99b372a54e68d187bacc9
  languageName: node
  linkType: hard

"is-ci@npm:^2.0.0":
  version: 2.0.0
  resolution: "is-ci@npm:2.0.0"
  dependencies:
    ci-info: "npm:^2.0.0"
  bin:
    is-ci: bin.js
  checksum: 17de4e2cd8f993c56c86472dd53dd9e2c7f126d0ee55afe610557046cdd64de0e8feadbad476edc9eeff63b060523b8673d9094ed2ab294b59efb5a66dd05a9a
  languageName: node
  linkType: hard

"is-function@npm:^1.0.2":
  version: 1.0.2
  resolution: "is-function@npm:1.0.2"
  checksum: c55289042a0e828a773f1245e2652e0c029efacc78ebe03e61787746fda74e2c41006cd908f20b53c36e45f9e75464475a4b2d68b17f4c7b9f8018bcaec42f9e
  languageName: node
  linkType: hard

"is-promise@npm:^3.0.0":
  version: 3.0.0
  resolution: "is-promise@npm:3.0.0"
  checksum: 0c81848bbb73b259e46ba14ed73c6a95be754d2ed21a319022a5d408968dc31e6636348db25cb02e6cada875860372946a08ce2d8f0ddbfe8eea06b0b5ca8cb0
  languageName: node
  linkType: hard

"is-promise@npm:^4.0.0":
  version: 4.0.0
  resolution: "is-promise@npm:4.0.0"
  checksum: ebd5c672d73db781ab33ccb155fb9969d6028e37414d609b115cc534654c91ccd061821d5b987eefaa97cf4c62f0b909bb2f04db88306de26e91bfe8ddc01503
  languageName: node
  linkType: hard

"mime-db@npm:1.52.0":
  version: 1.52.0
  resolution: "mime-db@npm:1.52.0"
  checksum: 0557a01deebf45ac5f5777fe7740b2a5c309c6d62d40ceab4e23da9f821899ce7a900b7ac8157d4548ddbb7beffe9abc621250e6d182b0397ec7f10c7b91a5aa
  languageName: node
  linkType: hard

"mime-types@npm:^2.1.12":
  version: 2.1.35
  resolution: "mime-types@npm:2.1.35"
  dependencies:
    mime-db: "npm:1.52.0"
  checksum: 82fb07ec56d8ff1fc999a84f2f217aa46cb6ed1033fefaabd5785b9a974ed225c90dc72fff460259e66b95b73648596dbcc50d51ed69cdf464af2d237d3149b2
  languageName: node
  linkType: hard

"package1@workspace:packages/package1":
  version: 0.0.0-use.local
  resolution: "package1@workspace:packages/package1"
  dependencies:
    axios: "npm:^1.6.0"
    is-ci: "npm:^2.0.0"
    is-function: "npm:^1.0.2"
    is-promise: "npm:^3.0.0"
  languageName: unknown
  linkType: soft

"proxy-from-env@npm:^1.1.0":
  version: 1.1.0
  resolution: "proxy-from-env@npm:1.1.0"
  checksum: fe7dd8b1bdbbbea18d1459107729c3e4a2243ca870d26d34c2c1bcd3e4425b7bcc5112362df2d93cc7fb9746f6142b5e272fd1cc5c86ddf8580175186f6ad42b
  languageName: node
  linkType: hard

"test-package@workspace:.":
  version: 0.0.0-use.local
  resolution: "test-package@workspace:."
  dependencies:
    "@esbuild/android-arm": "npm:^0.17.10"
    axios: "npm:^1.6.0"
    caseless: "npm:^0.12.0"
    has: "npm:^1.0.3"
    is-ci: "npm:^1.0.0"
    is-promise: "npm:^4.0.0"
  dependenciesMeta:
    "@esbuild/android-arm":
      optional: true
  languageName: unknown
  linkType: soft
