# This file is generated by running "yarn install" inside your project.
# Manual changes might be lost - proceed with caution!

__metadata:
  version: 8
  cacheKey: 10c0

"@esbuild/android-arm@npm:^0.17.10":
  version: 0.17.10
  resolution: "@esbuild/android-arm@npm:0.17.10"
  conditions: os=android & cpu=arm
  languageName: node
  linkType: hard

"asynckit@npm:^0.4.0":
  version: 0.4.0
  resolution: "asynckit@npm:0.4.0"
  checksum: d73e2ddf20c4eb9337e1b3df1a0f6159481050a5de457c55b14ea2e5cb6d90bb69e004c9af54737a5ee0917fcf2c9e25de67777bbe58261847846066ba75bc9d
  languageName: node
  linkType: hard

"axios@npm:^1.11.0":
  version: 1.11.0
  resolution: "axios@npm:1.11.0"
  dependencies:
    follow-redirects: "npm:^1.15.6"
    form-data: "npm:^4.0.4"
    proxy-from-env: "npm:^1.1.0"
  checksum: 5de273d33d43058610e4d252f0963cc4f10714da0bfe872e8ef2cbc23c2c999acc300fd357b6bce0fc84a2ca9bd45740fa6bb28199ce2c1266c8b1a393f2b36e
  languageName: node
  linkType: hard

"call-bind-apply-helpers@npm:^1.0.1, call-bind-apply-helpers@npm:^1.0.2":
  version: 1.0.2
  resolution: "call-bind-apply-helpers@npm:1.0.2"
  dependencies:
    es-errors: "npm:^1.3.0"
    function-bind: "npm:^1.1.2"
  checksum: 47bd9901d57b857590431243fea704ff18078b16890a6b3e021e12d279bbf211d039155e27d7566b374d49ee1f8189344bac9833dec7a20cdec370506361c938
  languageName: node
  linkType: hard

"caseless@npm:^0.12.0":
  version: 0.12.0
  resolution: "caseless@npm:0.12.0"
  checksum: ccf64bcb6c0232cdc5b7bd91ddd06e23a4b541f138336d4725233ac538041fb2f29c2e86c3c4a7a61ef990b665348db23a047060b9414c3a6603e9fa61ad4626
  languageName: node
  linkType: hard

"ci-info@npm:^1.5.0":
  version: 1.6.0
  resolution: "ci-info@npm:1.6.0"
  checksum: 5a74921e50e0be504ef811f00cb8dd6a547e1f4f2e709b7364b2de72a6fbc0215d86c88cd62c485a129090365d2a6367ca00344ced04e714860b22fbe10180c8
  languageName: node
  linkType: hard

"ci-info@npm:^2.0.0":
  version: 2.0.0
  resolution: "ci-info@npm:2.0.0"
  checksum: 8c5fa3830a2bcee2b53c2e5018226f0141db9ec9f7b1e27a5c57db5512332cde8a0beb769bcbaf0d8775a78afbf2bb841928feca4ea6219638a5b088f9884b46
  languageName: node
  linkType: hard

"combined-stream@npm:^1.0.8":
  version: 1.0.8
  resolution: "combined-stream@npm:1.0.8"
  dependencies:
    delayed-stream: "npm:~1.0.0"
  checksum: 0dbb829577e1b1e839fa82b40c07ffaf7de8a09b935cadd355a73652ae70a88b4320db322f6634a4ad93424292fa80973ac6480986247f1734a1137debf271d5
  languageName: node
  linkType: hard

"delayed-stream@npm:~1.0.0":
  version: 1.0.0
  resolution: "delayed-stream@npm:1.0.0"
  checksum: d758899da03392e6712f042bec80aa293bbe9e9ff1b2634baae6a360113e708b91326594c8a486d475c69d6259afb7efacdc3537bfcda1c6c648e390ce601b19
  languageName: node
  linkType: hard

"dunder-proto@npm:^1.0.1":
  version: 1.0.1
  resolution: "dunder-proto@npm:1.0.1"
  dependencies:
    call-bind-apply-helpers: "npm:^1.0.1"
    es-errors: "npm:^1.3.0"
    gopd: "npm:^1.2.0"
  checksum: 199f2a0c1c16593ca0a145dbf76a962f8033ce3129f01284d48c45ed4e14fea9bbacd7b3610b6cdc33486cef20385ac054948fefc6272fcce645c09468f93031
  languageName: node
  linkType: hard

"es-define-property@npm:^1.0.1":
  version: 1.0.1
  resolution: "es-define-property@npm:1.0.1"
  checksum: 3f54eb49c16c18707949ff25a1456728c883e81259f045003499efba399c08bad00deebf65cccde8c0e07908c1a225c9d472b7107e558f2a48e28d530e34527c
  languageName: node
  linkType: hard

"es-errors@npm:^1.3.0":
  version: 1.3.0
  resolution: "es-errors@npm:1.3.0"
  checksum: 0a61325670072f98d8ae3b914edab3559b6caa980f08054a3b872052640d91da01d38df55df797fcc916389d77fc92b8d5906cf028f4db46d7e3003abecbca85
  languageName: node
  linkType: hard

"es-object-atoms@npm:^1.0.0, es-object-atoms@npm:^1.1.1":
  version: 1.1.1
  resolution: "es-object-atoms@npm:1.1.1"
  dependencies:
    es-errors: "npm:^1.3.0"
  checksum: 65364812ca4daf48eb76e2a3b7a89b3f6a2e62a1c420766ce9f692665a29d94fe41fe88b65f24106f449859549711e4b40d9fb8002d862dfd7eb1c512d10be0c
  languageName: node
  linkType: hard

"es-set-tostringtag@npm:^2.1.0":
  version: 2.1.0
  resolution: "es-set-tostringtag@npm:2.1.0"
  dependencies:
    es-errors: "npm:^1.3.0"
    get-intrinsic: "npm:^1.2.6"
    has-tostringtag: "npm:^1.0.2"
    hasown: "npm:^2.0.2"
  checksum: ef2ca9ce49afe3931cb32e35da4dcb6d86ab02592cfc2ce3e49ced199d9d0bb5085fc7e73e06312213765f5efa47cc1df553a6a5154584b21448e9fb8355b1af
  languageName: node
  linkType: hard

"follow-redirects@npm:^1.15.6":
  version: 1.15.6
  resolution: "follow-redirects@npm:1.15.6"
  peerDependenciesMeta:
    debug:
      optional: true
  checksum: 9ff767f0d7be6aa6870c82ac79cf0368cd73e01bbc00e9eb1c2a16fbb198ec105e3c9b6628bb98e9f3ac66fe29a957b9645bcb9a490bb7aa0d35f908b6b85071
  languageName: node
  linkType: hard

"form-data@npm:^4.0.4":
  version: 4.0.4
  resolution: "form-data@npm:4.0.4"
  dependencies:
    asynckit: "npm:^0.4.0"
    combined-stream: "npm:^1.0.8"
    es-set-tostringtag: "npm:^2.1.0"
    hasown: "npm:^2.0.2"
    mime-types: "npm:^2.1.12"
  checksum: 373525a9a034b9d57073e55eab79e501a714ffac02e7a9b01be1c820780652b16e4101819785e1e18f8d98f0aee866cc654d660a435c378e16a72f2e7cac9695
  languageName: node
  linkType: hard

"function-bind@npm:^1.1.1":
  version: 1.1.1
  resolution: "function-bind@npm:1.1.1"
  checksum: 60b74b2407e1942e1ed7f8c284f8ef714d0689dcfce5319985a5b7da3fc727f40b4a59ec72dc55aa83365ad7b8fa4fac3a30d93c850a2b452f29ae03dbc10a1e
  languageName: node
  linkType: hard

"function-bind@npm:^1.1.2":
  version: 1.1.2
  resolution: "function-bind@npm:1.1.2"
  checksum: d8680ee1e5fcd4c197e4ac33b2b4dce03c71f4d91717292785703db200f5c21f977c568d28061226f9b5900cbcd2c84463646134fd5337e7925e0942bc3f46d5
  languageName: node
  linkType: hard

"get-intrinsic@npm:^1.2.6":
  version: 1.3.0
  resolution: "get-intrinsic@npm:1.3.0"
  dependencies:
    call-bind-apply-helpers: "npm:^1.0.2"
    es-define-property: "npm:^1.0.1"
    es-errors: "npm:^1.3.0"
    es-object-atoms: "npm:^1.1.1"
    function-bind: "npm:^1.1.2"
    get-proto: "npm:^1.0.1"
    gopd: "npm:^1.2.0"
    has-symbols: "npm:^1.1.0"
    hasown: "npm:^2.0.2"
    math-intrinsics: "npm:^1.1.0"
  checksum: 52c81808af9a8130f581e6a6a83e1ba4a9f703359e7a438d1369a5267a25412322f03dcbd7c549edaef0b6214a0630a28511d7df0130c93cfd380f4fa0b5b66a
  languageName: node
  linkType: hard

"get-proto@npm:^1.0.1":
  version: 1.0.1
  resolution: "get-proto@npm:1.0.1"
  dependencies:
    dunder-proto: "npm:^1.0.1"
    es-object-atoms: "npm:^1.0.0"
  checksum: 9224acb44603c5526955e83510b9da41baf6ae73f7398875fba50edc5e944223a89c4a72b070fcd78beb5f7bdda58ecb6294adc28f7acfc0da05f76a2399643c
  languageName: node
  linkType: hard

"gopd@npm:^1.2.0":
  version: 1.2.0
  resolution: "gopd@npm:1.2.0"
  checksum: 50fff1e04ba2b7737c097358534eacadad1e68d24cccee3272e04e007bed008e68d2614f3987788428fd192a5ae3889d08fb2331417e4fc4a9ab366b2043cead
  languageName: node
  linkType: hard

"has-flag@npm:^5.0.1":
  version: 5.0.1
  resolution: "has-flag@npm:5.0.1"
  checksum: 6c214902e9d829979ef0f906980599df1db5ca289a9c72cc1b1ebc2c8c924681c60b632a21bfc23728a1098a3f300029a8608f293fcc559962ecd495652aa250
  languageName: node
  linkType: hard

"has-symbols@npm:^1.0.3":
  version: 1.0.3
  resolution: "has-symbols@npm:1.0.3"
  checksum: e6922b4345a3f37069cdfe8600febbca791c94988c01af3394d86ca3360b4b93928bbf395859158f88099cb10b19d98e3bbab7c9ff2c1bd09cf665ee90afa2c3
  languageName: node
  linkType: hard

"has-symbols@npm:^1.1.0":
  version: 1.1.0
  resolution: "has-symbols@npm:1.1.0"
  checksum: dde0a734b17ae51e84b10986e651c664379018d10b91b6b0e9b293eddb32f0f069688c841fb40f19e9611546130153e0a2a48fd7f512891fb000ddfa36f5a20e
  languageName: node
  linkType: hard

"has-tostringtag@npm:^1.0.0, has-tostringtag@npm:^1.0.2":
  version: 1.0.2
  resolution: "has-tostringtag@npm:1.0.2"
  dependencies:
    has-symbols: "npm:^1.0.3"
  checksum: a8b166462192bafe3d9b6e420a1d581d93dd867adb61be223a17a8d6dad147aa77a8be32c961bb2f27b3ef893cae8d36f564ab651f5e9b7938ae86f74027c48c
  languageName: node
  linkType: hard

"has@npm:^1.0.3":
  version: 1.0.3
  resolution: "has@npm:1.0.3"
  dependencies:
    function-bind: "npm:^1.1.1"
  checksum: e1da0d2bd109f116b632f27782cf23182b42f14972ca9540e4c5aa7e52647407a0a4a76937334fddcb56befe94a3494825ec22b19b51f5e5507c3153fd1a5e1b
  languageName: node
  linkType: hard

"hasown@npm:^2.0.2":
  version: 2.0.2
  resolution: "hasown@npm:2.0.2"
  dependencies:
    function-bind: "npm:^1.1.2"
  checksum: 3769d434703b8ac66b209a4cca0737519925bbdb61dd887f93a16372b14694c63ff4e797686d87c90f08168e81082248b9b028bad60d4da9e0d1148766f56eb9
  languageName: node
  linkType: hard

"is-ci@npm:^1.0.0":
  version: 1.2.1
  resolution: "is-ci@npm:1.2.1"
  dependencies:
    ci-info: "npm:^1.5.0"
  bin:
    is-ci: bin.js
  checksum: 56d8e0e404c5ee9eb4cc846b9fbed043bac587633a8b10caad35b1e4b11edccae742037c4bc2196203e5929643bd257a4caac23b65e99b372a54e68d187bacc9
  languageName: node
  linkType: hard

"is-ci@npm:^2.0.0":
  version: 2.0.0
  resolution: "is-ci@npm:2.0.0"
  dependencies:
    ci-info: "npm:^2.0.0"
  bin:
    is-ci: bin.js
  checksum: 17de4e2cd8f993c56c86472dd53dd9e2c7f126d0ee55afe610557046cdd64de0e8feadbad476edc9eeff63b060523b8673d9094ed2ab294b59efb5a66dd05a9a
  languageName: node
  linkType: hard

"is-function@npm:^1.0.2":
  version: 1.0.2
  resolution: "is-function@npm:1.0.2"
  checksum: c55289042a0e828a773f1245e2652e0c029efacc78ebe03e61787746fda74e2c41006cd908f20b53c36e45f9e75464475a4b2d68b17f4c7b9f8018bcaec42f9e
  languageName: node
  linkType: hard

"is-promise@npm:^3.0.0":
  version: 3.0.0
  resolution: "is-promise@npm:3.0.0"
  checksum: 0c81848bbb73b259e46ba14ed73c6a95be754d2ed21a319022a5d408968dc31e6636348db25cb02e6cada875860372946a08ce2d8f0ddbfe8eea06b0b5ca8cb0
  languageName: node
  linkType: hard

"is-promise@npm:^4.0.0":
  version: 4.0.0
  resolution: "is-promise@npm:4.0.0"
  checksum: ebd5c672d73db781ab33ccb155fb9969d6028e37414d609b115cc534654c91ccd061821d5b987eefaa97cf4c62f0b909bb2f04db88306de26e91bfe8ddc01503
  languageName: node
  linkType: hard

"math-intrinsics@npm:^1.1.0":
  version: 1.1.0
  resolution: "math-intrinsics@npm:1.1.0"
  checksum: 7579ff94e899e2f76ab64491d76cf606274c874d8f2af4a442c016bd85688927fcfca157ba6bf74b08e9439dc010b248ce05b96cc7c126a354c3bae7fcb48b7f
  languageName: node
  linkType: hard

"mime-db@npm:1.52.0":
  version: 1.52.0
  resolution: "mime-db@npm:1.52.0"
  checksum: 0557a01deebf45ac5f5777fe7740b2a5c309c6d62d40ceab4e23da9f821899ce7a900b7ac8157d4548ddbb7beffe9abc621250e6d182b0397ec7f10c7b91a5aa
  languageName: node
  linkType: hard

"mime-types@npm:^2.1.12":
  version: 2.1.35
  resolution: "mime-types@npm:2.1.35"
  dependencies:
    mime-db: "npm:1.52.0"
  checksum: 82fb07ec56d8ff1fc999a84f2f217aa46cb6ed1033fefaabd5785b9a974ed225c90dc72fff460259e66b95b73648596dbcc50d51ed69cdf464af2d237d3149b2
  languageName: node
  linkType: hard

"package1@workspace:packages/package1":
  version: 0.0.0-use.local
  resolution: "package1@workspace:packages/package1"
  dependencies:
    axios: "npm:^1.11.0"
    is-ci: "npm:^2.0.0"
    is-function: "npm:^1.0.2"
    is-promise: "npm:^3.0.0"
    package2: "npm:0.0.0"
  languageName: unknown
  linkType: soft

"package2-portal1@portal:package2-portal1::locator=package2%40workspace%3Apackages%2Fpackage2":
  version: 0.0.0-use.local
  resolution: "package2-portal1@portal:package2-portal1::locator=package2%40workspace%3Apackages%2Fpackage2"
  dependencies:
    package2-portal2: "portal:../package2-portal2"
  languageName: node
  linkType: soft

"package2-portal2@portal:../package2-portal2::locator=package2-portal1%40portal%3Apackage2-portal1%3A%3Alocator%3Dpackage2%2540workspace%253Apackages%252Fpackage2":
  version: 0.0.0-use.local
  resolution: "package2-portal2@portal:../package2-portal2::locator=package2-portal1%40portal%3Apackage2-portal1%3A%3Alocator%3Dpackage2%2540workspace%253Apackages%252Fpackage2"
  dependencies:
    has-flag: "npm:^5.0.1"
  languageName: node
  linkType: soft

"package2@npm:0.0.0, package2@workspace:packages/package2":
  version: 0.0.0-use.local
  resolution: "package2@workspace:packages/package2"
  dependencies:
    has-tostringtag: "npm:^1.0.0"
    package2-portal1: "portal:package2-portal1"
  languageName: unknown
  linkType: soft

"proxy-from-env@npm:^1.1.0":
  version: 1.1.0
  resolution: "proxy-from-env@npm:1.1.0"
  checksum: fe7dd8b1bdbbbea18d1459107729c3e4a2243ca870d26d34c2c1bcd3e4425b7bcc5112362df2d93cc7fb9746f6142b5e272fd1cc5c86ddf8580175186f6ad42b
  languageName: node
  linkType: hard

"test-package@workspace:.":
  version: 0.0.0-use.local
  resolution: "test-package@workspace:."
  dependencies:
    "@esbuild/android-arm": "npm:^0.17.10"
    axios: "npm:^1.11.0"
    caseless: "npm:^0.12.0"
    has: "npm:^1.0.3"
    is-ci: "npm:^1.0.0"
    is-promise: "npm:^4.0.0"
  dependenciesMeta:
    "@esbuild/android-arm":
      optional: true
  languageName: unknown
  linkType: soft
